{
  "name": "@opencircuitlabs/product-recall-coordinator",
  "version": "1.0.0",
  "lockfileVersion": 3,
  "requires": true,
  "packages": {
    "": {
      "name": "@opencircuitlabs/product-recall-coordinator",
      "version": "1.0.0",
      "license": "MIT",
      "bin": {
        "product-recall-coordinator": "src/cli.js"
      },
      "engines": {
        "node": ">=18"
      }
    }
  }
}
